
Microsoft Visual Studio Solution File, Format Version 12.00
# Visual Studio Version 17
VisualStudioVersion = 17.9.34723.18
MinimumVisualStudioVersion = 10.0.40219.1
Project("{9A19103F-16F7-4668-BE54-9A1E7A4F7556}") = "EntityFrameworkCoreApp", "src\EntityFrameworkCoreApp\EntityFrameworkCoreApp.csproj", "{23272209-8F25-4B00-8873-40AFCCEBACF0}"
EndProject
Global
	GlobalSection(SolutionConfigurationPlatforms) = preSolution
		Debug|Any CPU = Debug|Any CPU
		Release|Any CPU = Release|Any CPU
	EndGlobalSection
	GlobalSection(ProjectConfigurationPlatforms) = postSolution
		{23272209-8F25-4B00-8873-40AFCCEBACF0}.Debug|Any CPU.ActiveCfg = Debug|Any CPU
		{23272209-8F25-4B00-8873-40AFCCEBACF0}.Debug|Any CPU.Build.0 = Debug|Any CPU
		{23272209-8F25-4B00-8873-40AFCCEBACF0}.Release|Any CPU.ActiveCfg = Release|Any CPU
		{23272209-8F25-4B00-8873-40AFCCEBACF0}.Release|Any CPU.Build.0 = Release|Any CPU
	EndGlobalSection
	GlobalSection(SolutionProperties) = preSolution
		HideSolutionNode = FALSE
	EndGlobalSection
	GlobalSection(ExtensibilityGlobals) = postSolution
		SolutionGuid = {01A205B1-AF44-4308-A2D1-BD6EDAABE9EB}
	EndGlobalSection
EndGlobal
